# This file is generated by running "yarn install" inside your project.
# Manual changes might be lost - proceed with caution!

__metadata:
  version: 5
  cacheKey: 8

"@ethersproject/abi@npm:5.3.1, @ethersproject/abi@npm:^5.3.0":
  version: 5.3.1
  resolution: "@ethersproject/abi@npm:5.3.1"
  dependencies:
    "@ethersproject/address": ^5.3.0
    "@ethersproject/bignumber": ^5.3.0
    "@ethersproject/bytes": ^5.3.0
    "@ethersproject/constants": ^5.3.0
    "@ethersproject/hash": ^5.3.0
    "@ethersproject/keccak256": ^5.3.0
    "@ethersproject/logger": ^5.3.0
    "@ethersproject/properties": ^5.3.0
    "@ethersproject/strings": ^5.3.0
  checksum: 92aab9113cec93ce4b32ed0c8c6f9cc817c8231af0663b8253beb0d51806e623441f67adda35107514ab1e7b7cb22b926f2e284999d52ed27cebb288ecc45a73
  languageName: node
  linkType: hard

"@ethersproject/abstract-provider@npm:5.3.0, @ethersproject/abstract-provider@npm:^5.3.0":
  version: 5.3.0
  resolution: "@ethersproject/abstract-provider@npm:5.3.0"
  dependencies:
    "@ethersproject/bignumber": ^5.3.0
    "@ethersproject/bytes": ^5.3.0
    "@ethersproject/logger": ^5.3.0
    "@ethersproject/networks": ^5.3.0
    "@ethersproject/properties": ^5.3.0
    "@ethersproject/transactions": ^5.3.0
    "@ethersproject/web": ^5.3.0
  checksum: f4ab7782c71f7981f5e1a1a8d0dce510e24fca90e2c4957b7b83d7d9f76ef59ce56a972988d8aee10c253d1fc35adbe46280f1b74abb52f133c612c168d5cacb
  languageName: node
  linkType: hard

"@ethersproject/abstract-signer@npm:5.3.0, @ethersproject/abstract-signer@npm:^5.3.0":
  version: 5.3.0
  resolution: "@ethersproject/abstract-signer@npm:5.3.0"
  dependencies:
    "@ethersproject/abstract-provider": ^5.3.0
    "@ethersproject/bignumber": ^5.3.0
    "@ethersproject/bytes": ^5.3.0
    "@ethersproject/logger": ^5.3.0
    "@ethersproject/properties": ^5.3.0
  checksum: a1a766b17fb9c80533eaf75d0b7c3c5c6f14df89665c927a7fe640b186594603218e145221d19c4b35bb219d1294785592c9d24309bedc0489ebfb686394ac5d
  languageName: node
  linkType: hard

"@ethersproject/address@npm:5.3.0, @ethersproject/address@npm:^5.3.0":
  version: 5.3.0
  resolution: "@ethersproject/address@npm:5.3.0"
  dependencies:
    "@ethersproject/bignumber": ^5.3.0
    "@ethersproject/bytes": ^5.3.0
    "@ethersproject/keccak256": ^5.3.0
    "@ethersproject/logger": ^5.3.0
    "@ethersproject/rlp": ^5.3.0
  checksum: 02169279cfbcd51395a8ac41253285888a7f2e898b1531d83dda0fb4bbcfbd96cda0d6aef0fe3e6e21988832afe066336ad18b49ba467c79b8ca0d825be88149
  languageName: node
  linkType: hard

"@ethersproject/base64@npm:5.3.0, @ethersproject/base64@npm:^5.3.0":
  version: 5.3.0
  resolution: "@ethersproject/base64@npm:5.3.0"
  dependencies:
    "@ethersproject/bytes": ^5.3.0
  checksum: b8bc37caa776de92846fa594562dad53621d13c2d5125e5b021b03fcc3558c727dd5af019319b571110ba92f82701fa808cfe561b6ffbd6642ac77e41e6e55a8
  languageName: node
  linkType: hard

"@ethersproject/basex@npm:5.3.0, @ethersproject/basex@npm:^5.3.0":
  version: 5.3.0
  resolution: "@ethersproject/basex@npm:5.3.0"
  dependencies:
    "@ethersproject/bytes": ^5.3.0
    "@ethersproject/properties": ^5.3.0
  checksum: 1a1e9415c418e4dc2269b2f6bc374e732b9faece6bc0dd7695bce5c98f1987edde14802db8e23bfc5ab4d7670d14f63855cba34ae76b7452dc7c21ae777a1233
  languageName: node
  linkType: hard

"@ethersproject/bignumber@npm:5.3.0, @ethersproject/bignumber@npm:^5.3.0":
  version: 5.3.0
  resolution: "@ethersproject/bignumber@npm:5.3.0"
  dependencies:
    "@ethersproject/bytes": ^5.3.0
    "@ethersproject/logger": ^5.3.0
    bn.js: ^4.11.9
  checksum: c27970a44c61b72e1380430a73a409ba4c47aaff08e87a77e346af9d40a6dc9834f4df8c04479357bdb163f227c880b443d6baef47b4667de9f2b6a3aa107180
  languageName: node
  linkType: hard

"@ethersproject/bytes@npm:5.3.0, @ethersproject/bytes@npm:^5.3.0":
  version: 5.3.0
  resolution: "@ethersproject/bytes@npm:5.3.0"
  dependencies:
    "@ethersproject/logger": ^5.3.0
  checksum: 47a37ea14fef6014bb24bf38b79834597042a92d3c72ceaee2a858d13c71f93a28aa3bbf14e367e20073a9fc1316e3d47db21c1a0bcac2c9f88f3f988c6eb4a9
  languageName: node
  linkType: hard

"@ethersproject/constants@npm:5.3.0, @ethersproject/constants@npm:^5.3.0":
  version: 5.3.0
  resolution: "@ethersproject/constants@npm:5.3.0"
  dependencies:
    "@ethersproject/bignumber": ^5.3.0
  checksum: 17ae4086f2f30926c59f5e07bb916985a3681c58fd9ffb0e31deb1284d701fa5bf406ab618a5028a05c7c32e0f61da3c5b393d4a0dcfacb8cf5fcfe53fd4eda4
  languageName: node
  linkType: hard

"@ethersproject/contracts@npm:5.3.0":
  version: 5.3.0
  resolution: "@ethersproject/contracts@npm:5.3.0"
  dependencies:
    "@ethersproject/abi": ^5.3.0
    "@ethersproject/abstract-provider": ^5.3.0
    "@ethersproject/abstract-signer": ^5.3.0
    "@ethersproject/address": ^5.3.0
    "@ethersproject/bignumber": ^5.3.0
    "@ethersproject/bytes": ^5.3.0
    "@ethersproject/constants": ^5.3.0
    "@ethersproject/logger": ^5.3.0
    "@ethersproject/properties": ^5.3.0
    "@ethersproject/transactions": ^5.3.0
  checksum: cb9106f26cb0cde676eb791f12798dd69cc079e2857319a49b2330509636e1a31b097d12000cc634757b809c7a2428fefefdaf48f4cb4270ee5487db0da861a4
  languageName: node
  linkType: hard

"@ethersproject/hash@npm:5.3.0, @ethersproject/hash@npm:^5.3.0":
  version: 5.3.0
  resolution: "@ethersproject/hash@npm:5.3.0"
  dependencies:
    "@ethersproject/abstract-signer": ^5.3.0
    "@ethersproject/address": ^5.3.0
    "@ethersproject/bignumber": ^5.3.0
    "@ethersproject/bytes": ^5.3.0
    "@ethersproject/keccak256": ^5.3.0
    "@ethersproject/logger": ^5.3.0
    "@ethersproject/properties": ^5.3.0
    "@ethersproject/strings": ^5.3.0
  checksum: b0ba8059a241b9d8af6bd403702094e281410fc3869e42c3dc8af8e4358f31d2e5392958ee7f01cc09058b3ef13205f04a3344d55c9dd0bf0766a171834acf0d
  languageName: node
  linkType: hard

"@ethersproject/hdnode@npm:5.3.0, @ethersproject/hdnode@npm:^5.3.0":
  version: 5.3.0
  resolution: "@ethersproject/hdnode@npm:5.3.0"
  dependencies:
    "@ethersproject/abstract-signer": ^5.3.0
    "@ethersproject/basex": ^5.3.0
    "@ethersproject/bignumber": ^5.3.0
    "@ethersproject/bytes": ^5.3.0
    "@ethersproject/logger": ^5.3.0
    "@ethersproject/pbkdf2": ^5.3.0
    "@ethersproject/properties": ^5.3.0
    "@ethersproject/sha2": ^5.3.0
    "@ethersproject/signing-key": ^5.3.0
    "@ethersproject/strings": ^5.3.0
    "@ethersproject/transactions": ^5.3.0
    "@ethersproject/wordlists": ^5.3.0
  checksum: f10e9c3c80fce615ec4730dcbe328d5d858577d93ddf96671152d23dc5eb5e15bf887289b64050ebc797108381f9dc0ec3aedcea20c511bfff98527cad7f8468
  languageName: node
  linkType: hard

"@ethersproject/json-wallets@npm:5.3.0, @ethersproject/json-wallets@npm:^5.3.0":
  version: 5.3.0
  resolution: "@ethersproject/json-wallets@npm:5.3.0"
  dependencies:
    "@ethersproject/abstract-signer": ^5.3.0
    "@ethersproject/address": ^5.3.0
    "@ethersproject/bytes": ^5.3.0
    "@ethersproject/hdnode": ^5.3.0
    "@ethersproject/keccak256": ^5.3.0
    "@ethersproject/logger": ^5.3.0
    "@ethersproject/pbkdf2": ^5.3.0
    "@ethersproject/properties": ^5.3.0
    "@ethersproject/random": ^5.3.0
    "@ethersproject/strings": ^5.3.0
    "@ethersproject/transactions": ^5.3.0
    aes-js: 3.0.0
    scrypt-js: 3.0.1
  checksum: 71b9efddec0d15808474e911986f9c21059903e55958169305921bee0cf816c25a6f13c957420af609eb89072da2658caf9983f3f536804bae4222913fb30124
  languageName: node
  linkType: hard

"@ethersproject/keccak256@npm:5.3.0, @ethersproject/keccak256@npm:^5.3.0":
  version: 5.3.0
  resolution: "@ethersproject/keccak256@npm:5.3.0"
  dependencies:
    "@ethersproject/bytes": ^5.3.0
    js-sha3: 0.5.7
  checksum: 1bb9282ab315edf6b0422434da4f82fc2f4e7c07f3466a53fa1d17eba434cbf21125686eb0c1045bf8e9147672d364663dabcb43823163d5208d6b1658fb149e
  languageName: node
  linkType: hard

"@ethersproject/logger@npm:5.3.0, @ethersproject/logger@npm:^5.3.0":
  version: 5.3.0
  resolution: "@ethersproject/logger@npm:5.3.0"
  checksum: ca6e7885d46b04247e55886cd098635adc4a3231510c7703f02aaed2c1f612f7a190250910182e406ea74aa34e839b006175db9e489b542de5144bbc48d17e84
  languageName: node
  linkType: hard

"@ethersproject/networks@npm:5.3.1, @ethersproject/networks@npm:^5.3.0":
  version: 5.3.1
  resolution: "@ethersproject/networks@npm:5.3.1"
  dependencies:
    "@ethersproject/logger": ^5.3.0
  checksum: 0c3cd35d9a3a68799091f746ab6f5a3d4ce35aab5365a24f37574dbb20466264bc93d7dbd4947da1b0847e8be35fca61a19e4314ae676c5ad13716236e3f53cb
  languageName: node
  linkType: hard

"@ethersproject/pbkdf2@npm:5.3.0, @ethersproject/pbkdf2@npm:^5.3.0":
  version: 5.3.0
  resolution: "@ethersproject/pbkdf2@npm:5.3.0"
  dependencies:
    "@ethersproject/bytes": ^5.3.0
    "@ethersproject/sha2": ^5.3.0
  checksum: 811917d4600c6910698179a421426167fe36c16cd3bc99a3f2465c304a45800a40571466a24254a4d818217ec379d68b0ac16f97f89e1dddb4cc2f7211ff6e75
  languageName: node
  linkType: hard

"@ethersproject/properties@npm:5.3.0, @ethersproject/properties@npm:^5.3.0":
  version: 5.3.0
  resolution: "@ethersproject/properties@npm:5.3.0"
  dependencies:
    "@ethersproject/logger": ^5.3.0
  checksum: be632365e9951eb4f066e82282aaf6bc82c846564afbca7fdca87172a61fae4b6fb86055c2ea658eb304ed128e14f19922480c804bb7c510b2d1eccfdfc4f083
  languageName: node
  linkType: hard

"@ethersproject/providers@npm:5.3.1":
  version: 5.3.1
  resolution: "@ethersproject/providers@npm:5.3.1"
  dependencies:
    "@ethersproject/abstract-provider": ^5.3.0
    "@ethersproject/abstract-signer": ^5.3.0
    "@ethersproject/address": ^5.3.0
    "@ethersproject/basex": ^5.3.0
    "@ethersproject/bignumber": ^5.3.0
    "@ethersproject/bytes": ^5.3.0
    "@ethersproject/constants": ^5.3.0
    "@ethersproject/hash": ^5.3.0
    "@ethersproject/logger": ^5.3.0
    "@ethersproject/networks": ^5.3.0
    "@ethersproject/properties": ^5.3.0
    "@ethersproject/random": ^5.3.0
    "@ethersproject/rlp": ^5.3.0
    "@ethersproject/sha2": ^5.3.0
    "@ethersproject/strings": ^5.3.0
    "@ethersproject/transactions": ^5.3.0
    "@ethersproject/web": ^5.3.0
    bech32: 1.1.4
    ws: 7.4.6
  checksum: 13cb7c002ff0eef3468139f7448d1c88f9768542d93c2a8a18c34334af2ac6c3bbe4c1e2b1af62320e037811fc5b60452161855a529ff3ab8feedfd55fb3abf0
  languageName: node
  linkType: hard

"@ethersproject/random@npm:5.3.0, @ethersproject/random@npm:^5.3.0":
  version: 5.3.0
  resolution: "@ethersproject/random@npm:5.3.0"
  dependencies:
    "@ethersproject/bytes": ^5.3.0
    "@ethersproject/logger": ^5.3.0
  checksum: 394c78f656a404776ce527dd43d3efdfaf960965ed0e85d249f62e1811e8d987fa169d0cfc4eeae795e9e0fac3f4d9037dfc2595f168bf230d10c7816569ffcd
  languageName: node
  linkType: hard

"@ethersproject/rlp@npm:5.3.0, @ethersproject/rlp@npm:^5.3.0":
  version: 5.3.0
  resolution: "@ethersproject/rlp@npm:5.3.0"
  dependencies:
    "@ethersproject/bytes": ^5.3.0
    "@ethersproject/logger": ^5.3.0
  checksum: 83e0e2e0c071d723b29916db334bbcfe67904c4485c995b962d064aee6c1b04a812e94954b8b8ed364809005864d267c66cb61e927553d50bac780b37391df2a
  languageName: node
  linkType: hard

"@ethersproject/sha2@npm:5.3.0, @ethersproject/sha2@npm:^5.3.0":
  version: 5.3.0
  resolution: "@ethersproject/sha2@npm:5.3.0"
  dependencies:
    "@ethersproject/bytes": ^5.3.0
    "@ethersproject/logger": ^5.3.0
    hash.js: 1.1.7
  checksum: 8819abe0d67e92415aaf2ada4801924035069c2864c2900c7104ac12ff151483bf0a699ba75d79e77273aaa1943b0e2cabe7c12b2dfec3c72678519b1d086b0d
  languageName: node
  linkType: hard

"@ethersproject/signing-key@npm:5.3.0, @ethersproject/signing-key@npm:^5.3.0":
  version: 5.3.0
  resolution: "@ethersproject/signing-key@npm:5.3.0"
  dependencies:
    "@ethersproject/bytes": ^5.3.0
    "@ethersproject/logger": ^5.3.0
    "@ethersproject/properties": ^5.3.0
    bn.js: ^4.11.9
    elliptic: 6.5.4
    hash.js: 1.1.7
  checksum: 91c6c10086ce761080f2c8eef119a6ae0d26059cf49ec20f81f61190cdb077abf536cfa0a59396d300776b2ab3cba691dd37d914499e4b25fd947c890fe9a908
  languageName: node
  linkType: hard

"@ethersproject/solidity@npm:5.3.0":
  version: 5.3.0
  resolution: "@ethersproject/solidity@npm:5.3.0"
  dependencies:
    "@ethersproject/bignumber": ^5.3.0
    "@ethersproject/bytes": ^5.3.0
    "@ethersproject/keccak256": ^5.3.0
    "@ethersproject/sha2": ^5.3.0
    "@ethersproject/strings": ^5.3.0
  checksum: a30e9b5318f57a2a862c6759ff176e19b1ce0d7e64833b36cde279ff7f64c450c90f237c35a41c3a84fb390f1d9cbd86fe85df31175bbd77cce7912215031dd1
  languageName: node
  linkType: hard

"@ethersproject/strings@npm:5.3.0, @ethersproject/strings@npm:^5.3.0":
  version: 5.3.0
  resolution: "@ethersproject/strings@npm:5.3.0"
  dependencies:
    "@ethersproject/bytes": ^5.3.0
    "@ethersproject/constants": ^5.3.0
    "@ethersproject/logger": ^5.3.0
  checksum: 591fe08fc6fe59ee1637de17296160377bd89032c3cbf208deba062aa0eab2acec6bff54d725b875dd4884231fe57a642c941433ee34d7ab4685ff0ecdff92c5
  languageName: node
  linkType: hard

"@ethersproject/transactions@npm:5.3.0, @ethersproject/transactions@npm:^5.3.0":
  version: 5.3.0
  resolution: "@ethersproject/transactions@npm:5.3.0"
  dependencies:
    "@ethersproject/address": ^5.3.0
    "@ethersproject/bignumber": ^5.3.0
    "@ethersproject/bytes": ^5.3.0
    "@ethersproject/constants": ^5.3.0
    "@ethersproject/keccak256": ^5.3.0
    "@ethersproject/logger": ^5.3.0
    "@ethersproject/properties": ^5.3.0
    "@ethersproject/rlp": ^5.3.0
    "@ethersproject/signing-key": ^5.3.0
  checksum: 88cfe74f630b2fbea13422edfa439525701011939ce4d9b7fee8ac9843c8ee1aca24362673e8000b86e597954d03dcb39e2a0663dc71c82f16cb675dc88fe1f3
  languageName: node
  linkType: hard

"@ethersproject/units@npm:5.3.0":
  version: 5.3.0
  resolution: "@ethersproject/units@npm:5.3.0"
  dependencies:
    "@ethersproject/bignumber": ^5.3.0
    "@ethersproject/constants": ^5.3.0
    "@ethersproject/logger": ^5.3.0
  checksum: 6a26c8a92fb1be5022da09cc355a2bab372c3ab37d550e1ae9b842dee9d51f6f1b319233a79c3da767eca807e62acc38feaea5fce8e2ea45e6ed740504326075
  languageName: node
  linkType: hard

"@ethersproject/wallet@npm:5.3.0":
  version: 5.3.0
  resolution: "@ethersproject/wallet@npm:5.3.0"
  dependencies:
    "@ethersproject/abstract-provider": ^5.3.0
    "@ethersproject/abstract-signer": ^5.3.0
    "@ethersproject/address": ^5.3.0
    "@ethersproject/bignumber": ^5.3.0
    "@ethersproject/bytes": ^5.3.0
    "@ethersproject/hash": ^5.3.0
    "@ethersproject/hdnode": ^5.3.0
    "@ethersproject/json-wallets": ^5.3.0
    "@ethersproject/keccak256": ^5.3.0
    "@ethersproject/logger": ^5.3.0
    "@ethersproject/properties": ^5.3.0
    "@ethersproject/random": ^5.3.0
    "@ethersproject/signing-key": ^5.3.0
    "@ethersproject/transactions": ^5.3.0
    "@ethersproject/wordlists": ^5.3.0
  checksum: 2d9bf34d2936a66ae3975f3d42e5d2c877b615f67b02c5e4a54b795ea9c5730c60c79d01172151da33289bfb0dc142d85cff39742f61cee4b5f003244a59c35d
  languageName: node
  linkType: hard

"@ethersproject/web@npm:5.3.0, @ethersproject/web@npm:^5.3.0":
  version: 5.3.0
  resolution: "@ethersproject/web@npm:5.3.0"
  dependencies:
    "@ethersproject/base64": ^5.3.0
    "@ethersproject/bytes": ^5.3.0
    "@ethersproject/logger": ^5.3.0
    "@ethersproject/properties": ^5.3.0
    "@ethersproject/strings": ^5.3.0
  checksum: 39d3b549ee4d87379f567f6c1b417af38641fc17c3af88df9200f1e81abab02aac071059e4a64ba0fca17431af863e630e22e1042941f03e731d359eb4db1cc8
  languageName: node
  linkType: hard

"@ethersproject/wordlists@npm:5.3.0, @ethersproject/wordlists@npm:^5.3.0":
  version: 5.3.0
  resolution: "@ethersproject/wordlists@npm:5.3.0"
  dependencies:
    "@ethersproject/bytes": ^5.3.0
    "@ethersproject/hash": ^5.3.0
    "@ethersproject/logger": ^5.3.0
    "@ethersproject/properties": ^5.3.0
    "@ethersproject/strings": ^5.3.0
  checksum: 116d3fd9cab4112e7fa603ead8f891edc550d263b2699c502477ed0e9ca01b2ae3d69d3c02c1887b024c38bff7638763bf8d9130b21538265020d4cee39ce6ec
  languageName: node
  linkType: hard

"@types/minimatch@npm:^3.0.3":
  version: 3.0.4
  resolution: "@types/minimatch@npm:3.0.4"
  checksum: 583a174116b56f405e8f45680fd06ee674442543cd875b8570a046bd2695fdcfb84ffd8b7ef4c84e11e2ba0fe7e467fc6fd95e134d389ebcefc2ddefd01ea9c8
  languageName: node
  linkType: hard

"aes-js@npm:3.0.0":
  version: 3.0.0
  resolution: "aes-js@npm:3.0.0"
  checksum: 251e26d533cd1a915b44896b17d5ed68c24a02484cfdd2e74ec700a309267db96651ea4eb657bf20aac32a3baa61f6e34edf8e2fec2de440a655da9942d334b8
  languageName: node
  linkType: hard

"ansi-styles@npm:^4.1.0":
  version: 4.3.0
  resolution: "ansi-styles@npm:4.3.0"
  dependencies:
    color-convert: ^2.0.1
  checksum: 513b44c3b2105dd14cc42a19271e80f386466c4be574bccf60b627432f9198571ebf4ab1e4c3ba17347658f4ee1711c163d574248c0c1cdc2d5917a0ad582ec4
  languageName: node
  linkType: hard

"array-differ@npm:^3.0.0":
  version: 3.0.0
  resolution: "array-differ@npm:3.0.0"
  checksum: 117edd9df5c1530bd116c6e8eea891d4bd02850fd89b1b36e532b6540e47ca620a373b81feca1c62d1395d9ae601516ba538abe5e8172d41091da2c546b05fb7
  languageName: node
  linkType: hard

"array-union@npm:^2.1.0":
  version: 2.1.0
  resolution: "array-union@npm:2.1.0"
  checksum: 5bee12395cba82da674931df6d0fea23c4aa4660cb3b338ced9f828782a65caa232573e6bf3968f23e0c5eb301764a382cef2f128b170a9dc59de0e36c39f98d
  languageName: node
  linkType: hard

"arrify@npm:^2.0.1":
  version: 2.0.1
  resolution: "arrify@npm:2.0.1"
  checksum: 067c4c1afd182806a82e4c1cb8acee16ab8b5284fbca1ce29408e6e91281c36bb5b612f6ddfbd40a0f7a7e0c75bf2696eb94c027f6e328d6e9c52465c98e4209
  languageName: node
  linkType: hard

"axios@npm:0.21.1":
  version: 0.21.1
  resolution: "axios@npm:0.21.1"
  dependencies:
    follow-redirects: ^1.10.0
  checksum: c87915fa0b18c15c63350112b6b3563a3e2ae524d7707de0a73d2e065e0d30c5d3da8563037bc29d4cc1b7424b5a350cb7274fa52525c6c04a615fe561c6ab11
  languageName: node
  linkType: hard

"balanced-match@npm:^1.0.0":
  version: 1.0.2
  resolution: "balanced-match@npm:1.0.2"
  checksum: 9706c088a283058a8a99e0bf91b0a2f75497f185980d9ffa8b304de1d9e58ebda7c72c07ebf01dadedaac5b2907b2c6f566f660d62bd336c3468e960403b9d65
  languageName: node
  linkType: hard

"bech32@npm:1.1.4":
  version: 1.1.4
  resolution: "bech32@npm:1.1.4"
  checksum: 0e98db619191548390d6f09ff68b0253ba7ae6a55db93dfdbb070ba234c1fd3308c0606fbcc95fad50437227b10011e2698b89f0181f6e7f845c499bd14d0f4b
  languageName: node
  linkType: hard

"bignumber.js@npm:9.0.1":
  version: 9.0.1
  resolution: "bignumber.js@npm:9.0.1"
  checksum: 6e72f6069d9db32fc8d27561164de9f811b15f9144be61f323d8b36150a239eea50c92e20ba38af2ba5e717af10b8ef12db8f9948fe2ff02bf17ede5239d15d3
  languageName: node
  linkType: hard

"bn.js@npm:^4.11.9":
  version: 4.12.0
  resolution: "bn.js@npm:4.12.0"
  checksum: 39afb4f15f4ea537b55eaf1446c896af28ac948fdcf47171961475724d1bb65118cca49fa6e3d67706e4790955ec0e74de584e45c8f1ef89f46c812bee5b5a12
  languageName: node
  linkType: hard

"brace-expansion@npm:^1.1.7":
  version: 1.1.11
  resolution: "brace-expansion@npm:1.1.11"
  dependencies:
    balanced-match: ^1.0.0
    concat-map: 0.0.1
  checksum: faf34a7bb0c3fcf4b59c7808bc5d2a96a40988addf2e7e09dfbb67a2251800e0d14cd2bfc1aa79174f2f5095c54ff27f46fb1289fe2d77dac755b5eb3434cc07
  languageName: node
  linkType: hard

"brorand@npm:^1.1.0":
  version: 1.1.0
  resolution: "brorand@npm:1.1.0"
  checksum: 8a05c9f3c4b46572dec6ef71012b1946db6cae8c7bb60ccd4b7dd5a84655db49fe043ecc6272e7ef1f69dc53d6730b9e2a3a03a8310509a3d797a618cbee52be
  languageName: node
  linkType: hard

"chalk@npm:^3.0.0":
  version: 3.0.0
  resolution: "chalk@npm:3.0.0"
  dependencies:
    ansi-styles: ^4.1.0
    supports-color: ^7.1.0
  checksum: 8e3ddf3981c4da405ddbd7d9c8d91944ddf6e33d6837756979f7840a29272a69a5189ecae0ff84006750d6d1e92368d413335eab4db5476db6e6703a1d1e0505
  languageName: node
  linkType: hard

"color-convert@npm:^2.0.1":
  version: 2.0.1
  resolution: "color-convert@npm:2.0.1"
  dependencies:
    color-name: ~1.1.4
  checksum: 79e6bdb9fd479a205c71d89574fccfb22bd9053bd98c6c4d870d65c132e5e904e6034978e55b43d69fcaa7433af2016ee203ce76eeba9cfa554b373e7f7db336
  languageName: node
  linkType: hard

"color-name@npm:~1.1.4":
  version: 1.1.4
  resolution: "color-name@npm:1.1.4"
  checksum: b0445859521eb4021cd0fb0cc1a75cecf67fceecae89b63f62b201cca8d345baf8b952c966862a9d9a2632987d4f6581f0ec8d957dfacece86f0a7919316f610
  languageName: node
  linkType: hard

"concat-map@npm:0.0.1":
  version: 0.0.1
  resolution: "concat-map@npm:0.0.1"
  checksum: 902a9f5d8967a3e2faf138d5cb784b9979bad2e6db5357c5b21c568df4ebe62bcb15108af1b2253744844eb964fc023fbd9afbbbb6ddd0bcc204c6fb5b7bf3af
  languageName: node
  linkType: hard

"cross-spawn@npm:^7.0.0":
  version: 7.0.3
  resolution: "cross-spawn@npm:7.0.3"
  dependencies:
    path-key: ^3.1.0
    shebang-command: ^2.0.0
    which: ^2.0.1
  checksum: 671cc7c7288c3a8406f3c69a3ae2fc85555c04169e9d611def9a675635472614f1c0ed0ef80955d5b6d4e724f6ced67f0ad1bb006c2ea643488fcfef994d7f52
  languageName: node
  linkType: hard

"dotenv@npm:10.0.0":
  version: 10.0.0
  resolution: "dotenv@npm:10.0.0"
  checksum: f412c5fe8c24fbe313d302d2500e247ba8a1946492db405a4de4d30dd0eb186a88a43f13c958c5a7de303938949c4231c56994f97d05c4bc1f22478d631b4005
  languageName: node
  linkType: hard

"elliptic@npm:6.5.4":
  version: 6.5.4
  resolution: "elliptic@npm:6.5.4"
  dependencies:
    bn.js: ^4.11.9
    brorand: ^1.1.0
    hash.js: ^1.0.0
    hmac-drbg: ^1.0.1
    inherits: ^2.0.4
    minimalistic-assert: ^1.0.1
    minimalistic-crypto-utils: ^1.0.1
  checksum: d56d21fd04e97869f7ffcc92e18903b9f67f2d4637a23c860492fbbff5a3155fd9ca0184ce0c865dd6eb2487d234ce9551335c021c376cd2d3b7cb749c7d10f4
  languageName: node
  linkType: hard

"end-of-stream@npm:^1.1.0":
  version: 1.4.4
  resolution: "end-of-stream@npm:1.4.4"
  dependencies:
    once: ^1.4.0
  checksum: 530a5a5a1e517e962854a31693dbb5c0b2fc40b46dad2a56a2deec656ca040631124f4795823acc68238147805f8b021abbe221f4afed5ef3c8e8efc2024908b
  languageName: node
  linkType: hard

"ethers@npm:5.3.1":
  version: 5.3.1
  resolution: "ethers@npm:5.3.1"
  dependencies:
    "@ethersproject/abi": 5.3.1
    "@ethersproject/abstract-provider": 5.3.0
    "@ethersproject/abstract-signer": 5.3.0
    "@ethersproject/address": 5.3.0
    "@ethersproject/base64": 5.3.0
    "@ethersproject/basex": 5.3.0
    "@ethersproject/bignumber": 5.3.0
    "@ethersproject/bytes": 5.3.0
    "@ethersproject/constants": 5.3.0
    "@ethersproject/contracts": 5.3.0
    "@ethersproject/hash": 5.3.0
    "@ethersproject/hdnode": 5.3.0
    "@ethersproject/json-wallets": 5.3.0
    "@ethersproject/keccak256": 5.3.0
    "@ethersproject/logger": 5.3.0
    "@ethersproject/networks": 5.3.1
    "@ethersproject/pbkdf2": 5.3.0
    "@ethersproject/properties": 5.3.0
    "@ethersproject/providers": 5.3.1
    "@ethersproject/random": 5.3.0
    "@ethersproject/rlp": 5.3.0
    "@ethersproject/sha2": 5.3.0
    "@ethersproject/signing-key": 5.3.0
    "@ethersproject/solidity": 5.3.0
    "@ethersproject/strings": 5.3.0
    "@ethersproject/transactions": 5.3.0
    "@ethersproject/units": 5.3.0
    "@ethersproject/wallet": 5.3.0
    "@ethersproject/web": 5.3.0
    "@ethersproject/wordlists": 5.3.0
  checksum: f0e8da7d3162f8140f9080bb8945086cc6c3014ef6bda589a13273ca84adb360370c8e1e0e9b91b3b8cf75fbd3d9c8277f351fc881af0fe54c2a89f4d3fae5f7
  languageName: node
  linkType: hard

"execa@npm:^4.0.0":
  version: 4.1.0
  resolution: "execa@npm:4.1.0"
  dependencies:
    cross-spawn: ^7.0.0
    get-stream: ^5.0.0
    human-signals: ^1.1.1
    is-stream: ^2.0.0
    merge-stream: ^2.0.0
    npm-run-path: ^4.0.0
    onetime: ^5.1.0
    signal-exit: ^3.0.2
    strip-final-newline: ^2.0.0
  checksum: e30d298934d9c52f90f3847704fd8224e849a081ab2b517bbc02f5f7732c24e56a21f14cb96a08256deffeb2d12b2b7cb7e2b014a12fb36f8d3357e06417ed55
  languageName: node
  linkType: hard

"find-up@npm:^4.1.0":
  version: 4.1.0
  resolution: "find-up@npm:4.1.0"
  dependencies:
    locate-path: ^5.0.0
    path-exists: ^4.0.0
  checksum: 4c172680e8f8c1f78839486e14a43ef82e9decd0e74145f40707cc42e7420506d5ec92d9a11c22bd2c48fb0c384ea05dd30e10dd152fefeec6f2f75282a8b844
  languageName: node
  linkType: hard

"follow-redirects@npm:^1.10.0":
  version: 1.14.1
  resolution: "follow-redirects@npm:1.14.1"
  peerDependenciesMeta:
    debug:
      optional: true
  checksum: 7381a55bdc6951c5c1ab73a8da99d9fa4c0496ce72dba92cd2ac2babe0e3ebde9b81c5bca889498ad95984bc773d713284ca2bb17f1b1e1416e5f6531e39a488
  languageName: node
  linkType: hard

"get-stream@npm:^5.0.0":
  version: 5.2.0
  resolution: "get-stream@npm:5.2.0"
  dependencies:
    pump: ^3.0.0
  checksum: 8bc1a23174a06b2b4ce600df38d6c98d2ef6d84e020c1ddad632ad75bac4e092eeb40e4c09e0761c35fc2dbc5e7fff5dab5e763a383582c4a167dd69a905bd12
  languageName: node
  linkType: hard

"has-flag@npm:^4.0.0":
  version: 4.0.0
  resolution: "has-flag@npm:4.0.0"
  checksum: 261a1357037ead75e338156b1f9452c016a37dcd3283a972a30d9e4a87441ba372c8b81f818cd0fbcd9c0354b4ae7e18b9e1afa1971164aef6d18c2b6095a8ad
  languageName: node
  linkType: hard

"hash.js@npm:1.1.7, hash.js@npm:^1.0.0, hash.js@npm:^1.0.3":
  version: 1.1.7
  resolution: "hash.js@npm:1.1.7"
  dependencies:
    inherits: ^2.0.3
    minimalistic-assert: ^1.0.1
  checksum: e350096e659c62422b85fa508e4b3669017311aa4c49b74f19f8e1bc7f3a54a584fdfd45326d4964d6011f2b2d882e38bea775a96046f2a61b7779a979629d8f
  languageName: node
  linkType: hard

"hmac-drbg@npm:^1.0.1":
  version: 1.0.1
  resolution: "hmac-drbg@npm:1.0.1"
  dependencies:
    hash.js: ^1.0.3
    minimalistic-assert: ^1.0.0
    minimalistic-crypto-utils: ^1.0.1
  checksum: bd30b6a68d7f22d63f10e1888aee497d7c2c5c0bb469e66bbdac99f143904d1dfe95f8131f95b3e86c86dd239963c9d972fcbe147e7cffa00e55d18585c43fe0
  languageName: node
  linkType: hard

"human-signals@npm:^1.1.1":
  version: 1.1.1
  resolution: "human-signals@npm:1.1.1"
  checksum: d587647c9e8ec24e02821b6be7de5a0fc37f591f6c4e319b3054b43fd4c35a70a94c46fc74d8c1a43c47fde157d23acd7421f375e1c1365b09a16835b8300205
  languageName: node
  linkType: hard

"husky@npm:6.0.0":
  version: 6.0.0
  resolution: "husky@npm:6.0.0"
  bin:
    husky: lib/bin.js
  checksum: db6da76a670b2cd1e967990decfd291e6f35a5aee4d362208a51771474d3b4896d526acb4bf0413c2d7154716e42a4d8b6cc19f2bb108e48d1f554624c723a00
  languageName: node
  linkType: hard

"ignore@npm:^5.1.4":
  version: 5.1.8
  resolution: "ignore@npm:5.1.8"
  checksum: 967abadb61e2cb0e5c5e8c4e1686ab926f91bc1a4680d994b91947d3c65d04c3ae126dcdf67f08e0feeb8ff8407d453e641aeeddcc47a3a3cca359f283cf6121
  languageName: node
  linkType: hard

"inherits@npm:^2.0.3, inherits@npm:^2.0.4":
  version: 2.0.4
  resolution: "inherits@npm:2.0.4"
  checksum: 4a48a733847879d6cf6691860a6b1e3f0f4754176e4d71494c41f3475553768b10f84b5ce1d40fbd0e34e6bfbb864ee35858ad4dd2cf31e02fc4a154b724d7f1
  languageName: node
  linkType: hard

"is-stream@npm:^2.0.0":
  version: 2.0.0
  resolution: "is-stream@npm:2.0.0"
  checksum: 4dc47738e26bc4f1b3be9070b6b9e39631144f204fc6f87db56961220add87c10a999ba26cf81699f9ef9610426f69cb08a4713feff8deb7d8cadac907826935
  languageName: node
  linkType: hard

"isexe@npm:^2.0.0":
  version: 2.0.0
  resolution: "isexe@npm:2.0.0"
  checksum: 26bf6c5480dda5161c820c5b5c751ae1e766c587b1f951ea3fcfc973bafb7831ae5b54a31a69bd670220e42e99ec154475025a468eae58ea262f813fdc8d1c62
  languageName: node
  linkType: hard

"js-sha3@npm:0.5.7":
  version: 0.5.7
  resolution: "js-sha3@npm:0.5.7"
  checksum: 973a28ea4b26cc7f12d2ab24f796e24ee4a71eef45a6634a052f6eb38cf8b2333db798e896e6e094ea6fa4dfe8e42a2a7942b425cf40da3f866623fd05bb91ea
  languageName: node
  linkType: hard

"locate-path@npm:^5.0.0":
  version: 5.0.0
  resolution: "locate-path@npm:5.0.0"
  dependencies:
    p-locate: ^4.1.0
  checksum: 83e51725e67517287d73e1ded92b28602e3ae5580b301fe54bfb76c0c723e3f285b19252e375712316774cf52006cb236aed5704692c32db0d5d089b69696e30
  languageName: node
  linkType: hard

"merge-stream@npm:^2.0.0":
  version: 2.0.0
  resolution: "merge-stream@npm:2.0.0"
  checksum: 6fa4dcc8d86629705cea944a4b88ef4cb0e07656ebf223fa287443256414283dd25d91c1cd84c77987f2aec5927af1a9db6085757cb43d90eb170ebf4b47f4f4
  languageName: node
  linkType: hard

"mimic-fn@npm:^2.1.0":
  version: 2.1.0
  resolution: "mimic-fn@npm:2.1.0"
  checksum: d2421a3444848ce7f84bd49115ddacff29c15745db73f54041edc906c14b131a38d05298dae3081667627a59b2eb1ca4b436ff2e1b80f69679522410418b478a
  languageName: node
  linkType: hard

"minimalistic-assert@npm:^1.0.0, minimalistic-assert@npm:^1.0.1":
  version: 1.0.1
  resolution: "minimalistic-assert@npm:1.0.1"
  checksum: cc7974a9268fbf130fb055aff76700d7e2d8be5f761fb5c60318d0ed010d839ab3661a533ad29a5d37653133385204c503bfac995aaa4236f4e847461ea32ba7
  languageName: node
  linkType: hard

"minimalistic-crypto-utils@npm:^1.0.1":
  version: 1.0.1
  resolution: "minimalistic-crypto-utils@npm:1.0.1"
  checksum: 6e8a0422b30039406efd4c440829ea8f988845db02a3299f372fceba56ffa94994a9c0f2fd70c17f9969eedfbd72f34b5070ead9656a34d3f71c0bd72583a0ed
  languageName: node
  linkType: hard

"minimatch@npm:^3.0.4":
  version: 3.0.4
  resolution: "minimatch@npm:3.0.4"
  dependencies:
    brace-expansion: ^1.1.7
  checksum: 66ac295f8a7b59788000ea3749938b0970344c841750abd96694f80269b926ebcafad3deeb3f1da2522978b119e6ae3a5869b63b13a7859a456b3408bd18a078
  languageName: node
  linkType: hard

"mri@npm:^1.1.5":
  version: 1.1.6
  resolution: "mri@npm:1.1.6"
  checksum: c568269a40e2e95d48f28b88ab8b24bdc7c586edbfbb3e5ce7a4e3cee0665aef673b86bc2b63c98289d29b573a39d0e054924e415286a8dafdabfc68785746c7
  languageName: node
  linkType: hard

"multimatch@npm:^4.0.0":
  version: 4.0.0
  resolution: "multimatch@npm:4.0.0"
  dependencies:
    "@types/minimatch": ^3.0.3
    array-differ: ^3.0.0
    array-union: ^2.1.0
    arrify: ^2.0.1
    minimatch: ^3.0.4
  checksum: bdb6a98dad4e919d9a1a2a0db872f44fa2337315f2fd5827d91ae005cf22f4425782bdfa97c10b80d567f0cb3c226c31f4e85f8f6a4a4be4facf9af0de1bb0c2
  languageName: node
  linkType: hard

"npm-run-path@npm:^4.0.0":
  version: 4.0.1
  resolution: "npm-run-path@npm:4.0.1"
  dependencies:
    path-key: ^3.0.0
  checksum: 5374c0cea4b0bbfdfae62da7bbdf1e1558d338335f4cacf2515c282ff358ff27b2ecb91ffa5330a8b14390ac66a1e146e10700440c1ab868208430f56b5f4d23
  languageName: node
  linkType: hard

"once@npm:^1.3.1, once@npm:^1.4.0":
  version: 1.4.0
  resolution: "once@npm:1.4.0"
  dependencies:
    wrappy: 1
  checksum: cd0a88501333edd640d95f0d2700fbde6bff20b3d4d9bdc521bdd31af0656b5706570d6c6afe532045a20bb8dc0849f8332d6f2a416e0ba6d3d3b98806c7db68
  languageName: node
  linkType: hard

"onetime@npm:^5.1.0":
  version: 5.1.2
  resolution: "onetime@npm:5.1.2"
  dependencies:
    mimic-fn: ^2.1.0
  checksum: 2478859ef817fc5d4e9c2f9e5728512ddd1dbc9fb7829ad263765bb6d3b91ce699d6e2332eef6b7dff183c2f490bd3349f1666427eaba4469fba0ac38dfd0d34
  languageName: node
  linkType: hard

"p-limit@npm:^2.2.0":
  version: 2.3.0
  resolution: "p-limit@npm:2.3.0"
  dependencies:
    p-try: ^2.0.0
  checksum: 84ff17f1a38126c3314e91ecfe56aecbf36430940e2873dadaa773ffe072dc23b7af8e46d4b6485d302a11673fe94c6b67ca2cfbb60c989848b02100d0594ac1
  languageName: node
  linkType: hard

"p-locate@npm:^4.1.0":
  version: 4.1.0
  resolution: "p-locate@npm:4.1.0"
  dependencies:
    p-limit: ^2.2.0
  checksum: 513bd14a455f5da4ebfcb819ef706c54adb09097703de6aeaa5d26fe5ea16df92b48d1ac45e01e3944ce1e6aa2a66f7f8894742b8c9d6e276e16cd2049a2b870
  languageName: node
  linkType: hard

"p-try@npm:^2.0.0":
  version: 2.2.0
  resolution: "p-try@npm:2.2.0"
  checksum: f8a8e9a7693659383f06aec604ad5ead237c7a261c18048a6e1b5b85a5f8a067e469aa24f5bc009b991ea3b058a87f5065ef4176793a200d4917349881216cae
  languageName: node
  linkType: hard

"para-arb@workspace:.":
  version: 0.0.0-use.local
  resolution: "para-arb@workspace:."
  dependencies:
    axios: 0.21.1
    bignumber.js: 9.0.1
    dotenv: 10.0.0
    ethers: 5.3.1
    husky: 6.0.0
    prettier: 2.3.1
    pretty-quick: 3.1.0
  languageName: unknown
  linkType: soft

"path-exists@npm:^4.0.0":
  version: 4.0.0
  resolution: "path-exists@npm:4.0.0"
  checksum: 505807199dfb7c50737b057dd8d351b82c033029ab94cb10a657609e00c1bc53b951cfdbccab8de04c5584d5eff31128ce6afd3db79281874a5ef2adbba55ed1
  languageName: node
  linkType: hard

"path-key@npm:^3.0.0, path-key@npm:^3.1.0":
  version: 3.1.1
  resolution: "path-key@npm:3.1.1"
  checksum: 55cd7a9dd4b343412a8386a743f9c746ef196e57c823d90ca3ab917f90ab9f13dd0ded27252ba49dbdfcab2b091d998bc446f6220cd3cea65db407502a740020
  languageName: node
  linkType: hard

"prettier@npm:2.3.1":
  version: 2.3.1
  resolution: "prettier@npm:2.3.1"
  bin:
    prettier: bin-prettier.js
  checksum: 3b37731ff7150feecf19736c77c790e7e276b404ac9af81cbaf87cfecefc48ef9a864f34c2a5caf5955378b8f2525984b8611703a0d9c1f052b4cfa6eb35899f
  languageName: node
  linkType: hard

"pretty-quick@npm:3.1.0":
  version: 3.1.0
  resolution: "pretty-quick@npm:3.1.0"
  dependencies:
    chalk: ^3.0.0
    execa: ^4.0.0
    find-up: ^4.1.0
    ignore: ^5.1.4
    mri: ^1.1.5
    multimatch: ^4.0.0
  peerDependencies:
    prettier: ">=2.0.0"
  bin:
    pretty-quick: bin/pretty-quick.js
  checksum: a0f6823ff3807c9ac15555509eafcd869c603851ba84b605d5cf77cf1c90e4ffe27ac96c2405c5ac173bb0159e76664c2979c72e47c58aa9974a5ab684692335
  languageName: node
  linkType: hard

"pump@npm:^3.0.0":
  version: 3.0.0
  resolution: "pump@npm:3.0.0"
  dependencies:
    end-of-stream: ^1.1.0
    once: ^1.3.1
  checksum: e42e9229fba14732593a718b04cb5e1cfef8254544870997e0ecd9732b189a48e1256e4e5478148ecb47c8511dca2b09eae56b4d0aad8009e6fac8072923cfc9
  languageName: node
  linkType: hard

"scrypt-js@npm:3.0.1":
  version: 3.0.1
  resolution: "scrypt-js@npm:3.0.1"
  checksum: b7c7d1a68d6ca946f2fbb0778e0c4ec63c65501b54023b2af7d7e9f48fdb6c6580d6f7675cd53bda5944c5ebc057560d5a6365079752546865defb3b79dea454
  languageName: node
  linkType: hard

"shebang-command@npm:^2.0.0":
  version: 2.0.0
  resolution: "shebang-command@npm:2.0.0"
  dependencies:
    shebang-regex: ^3.0.0
  checksum: 6b52fe87271c12968f6a054e60f6bde5f0f3d2db483a1e5c3e12d657c488a15474121a1d55cd958f6df026a54374ec38a4a963988c213b7570e1d51575cea7fa
  languageName: node
  linkType: hard

"shebang-regex@npm:^3.0.0":
  version: 3.0.0
  resolution: "shebang-regex@npm:3.0.0"
  checksum: 1a2bcae50de99034fcd92ad4212d8e01eedf52c7ec7830eedcf886622804fe36884278f2be8be0ea5fde3fd1c23911643a4e0f726c8685b61871c8908af01222
  languageName: node
  linkType: hard

"signal-exit@npm:^3.0.2":
  version: 3.0.3
  resolution: "signal-exit@npm:3.0.3"
  checksum: f0169d3f1263d06df32ca072b0bf33b34c6f8f0341a7a1621558a2444dfbe8f5fec76b35537fcc6f0bc4944bdb5336fe0bdcf41a5422c4e45a1dba3f45475e6c
  languageName: node
  linkType: hard

"strip-final-newline@npm:^2.0.0":
  version: 2.0.0
  resolution: "strip-final-newline@npm:2.0.0"
  checksum: 69412b5e25731e1938184b5d489c32e340605bb611d6140344abc3421b7f3c6f9984b21dff296dfcf056681b82caa3bb4cc996a965ce37bcfad663e92eae9c64
  languageName: node
  linkType: hard

"supports-color@npm:^7.1.0":
  version: 7.2.0
  resolution: "supports-color@npm:7.2.0"
  dependencies:
    has-flag: ^4.0.0
  checksum: 3dda818de06ebbe5b9653e07842d9479f3555ebc77e9a0280caf5a14fb877ffee9ed57007c3b78f5a6324b8dbeec648d9e97a24e2ed9fdb81ddc69ea07100f4a
  languageName: node
  linkType: hard

"which@npm:^2.0.1":
  version: 2.0.2
  resolution: "which@npm:2.0.2"
  dependencies:
    isexe: ^2.0.0
  bin:
    node-which: ./bin/node-which
  checksum: 1a5c563d3c1b52d5f893c8b61afe11abc3bab4afac492e8da5bde69d550de701cf9806235f20a47b5c8fa8a1d6a9135841de2596535e998027a54589000e66d1
  languageName: node
  linkType: hard

"wrappy@npm:1":
  version: 1.0.2
  resolution: "wrappy@npm:1.0.2"
  checksum: 159da4805f7e84a3d003d8841557196034155008f817172d4e986bd591f74aa82aa7db55929a54222309e01079a65a92a9e6414da5a6aa4b01ee44a511ac3ee5
  languageName: node
  linkType: hard

"ws@npm:7.4.6":
  version: 7.4.6
  resolution: "ws@npm:7.4.6"
  peerDependencies:
    bufferutil: ^4.0.1
    utf-8-validate: ^5.0.2
  peerDependenciesMeta:
    bufferutil:
      optional: true
    utf-8-validate:
      optional: true
  checksum: 3a990b32ed08c72070d5e8913e14dfcd831919205be52a3ff0b4cdd998c8d554f167c9df3841605cde8b11d607768cacab3e823c58c96a5c08c987e093eb767a
  languageName: node
  linkType: hard
